// !$*UTF8*$!
{
	archiveVersion = 1;
	classes = {
	};
	objectVersion = 56;
	objects = {

/* Begin PBXBuildFile section */
		9275A7202B8F5174002F1F5C /* CookEaseApp.swift in Sources */ = {isa = PBXBuildFile; fileRef = 9275A71F2B8F5174002F1F5C /* CookEaseApp.swift */; };
		9275A7262B8F5176002F1F5C /* Assets.xcassets in Resources */ = {isa = PBXBuildFile; fileRef = 9275A7252B8F5176002F1F5C /* Assets.xcassets */; };
		9275A7292B8F5176002F1F5C /* Preview Assets.xcassets in Resources */ = {isa = PBXBuildFile; fileRef = 9275A7282B8F5176002F1F5C /* Preview Assets.xcassets */; };
		9275A7322B8F53DE002F1F5C /* Ingredient.swift in Sources */ = {isa = PBXBuildFile; fileRef = 9275A7312B8F53DD002F1F5C /* Ingredient.swift */; };
		9275A7342B8F543E002F1F5C /* Instruction.swift in Sources */ = {isa = PBXBuildFile; fileRef = 9275A7332B8F543E002F1F5C /* Instruction.swift */; };
		9275A7362B8F545A002F1F5C /* Recipe.swift in Sources */ = {isa = PBXBuildFile; fileRef = 9275A7352B8F545A002F1F5C /* Recipe.swift */; };
		9275A7382B8F5475002F1F5C /* MealPlan.swift in Sources */ = {isa = PBXBuildFile; fileRef = 9275A7372B8F5475002F1F5C /* MealPlan.swift */; };
		9275A73C2B8F6143002F1F5C /* CookEaseTabView.swift in Sources */ = {isa = PBXBuildFile; fileRef = 9275A73B2B8F6143002F1F5C /* CookEaseTabView.swift */; };
		9275A73E2B8F6189002F1F5C /* HomeView.swift in Sources */ = {isa = PBXBuildFile; fileRef = 9275A73D2B8F6189002F1F5C /* HomeView.swift */; };
		9275A7402B8F6195002F1F5C /* CreateRecipeView.swift in Sources */ = {isa = PBXBuildFile; fileRef = 9275A73F2B8F6195002F1F5C /* CreateRecipeView.swift */; };
		9275A7422B8F61A2002F1F5C /* FavouritesView.swift in Sources */ = {isa = PBXBuildFile; fileRef = 9275A7412B8F61A2002F1F5C /* FavouritesView.swift */; };
		9275A7442B8F92A3002F1F5C /* User.swift in Sources */ = {isa = PBXBuildFile; fileRef = 9275A7432B8F92A3002F1F5C /* User.swift */; };
		9275A7482B8FCF9E002F1F5C /* CreateAccountView.swift in Sources */ = {isa = PBXBuildFile; fileRef = 9275A7472B8FCF9E002F1F5C /* CreateAccountView.swift */; };
		9275A74A2B8FD87F002F1F5C /* HeaderView.swift in Sources */ = {isa = PBXBuildFile; fileRef = 9275A7492B8FD87F002F1F5C /* HeaderView.swift */; };
		9275A74C2B8FEC5D002F1F5C /* SignInView.swift in Sources */ = {isa = PBXBuildFile; fileRef = 9275A74B2B8FEC5D002F1F5C /* SignInView.swift */; };
		9275A74E2B8FF3B3002F1F5C /* LandingView.swift in Sources */ = {isa = PBXBuildFile; fileRef = 9275A74D2B8FF3B3002F1F5C /* LandingView.swift */; };
		92A828682B91213300384711 /* ingredients.json in Resources */ = {isa = PBXBuildFile; fileRef = 92A828672B91213300384711 /* ingredients.json */; };
/* End PBXBuildFile section */

/* Begin PBXFileReference section */
		9275A71C2B8F5174002F1F5C /* CookEase.app */ = {isa = PBXFileReference; explicitFileType = wrapper.application; includeInIndex = 0; path = CookEase.app; sourceTree = BUILT_PRODUCTS_DIR; };
		9275A71F2B8F5174002F1F5C /* CookEaseApp.swift */ = {isa = PBXFileReference; lastKnownFileType = sourcecode.swift; path = CookEaseApp.swift; sourceTree = "<group>"; };
		9275A7252B8F5176002F1F5C /* Assets.xcassets */ = {isa = PBXFileReference; lastKnownFileType = folder.assetcatalog; path = Assets.xcassets; sourceTree = "<group>"; };
		9275A7282B8F5176002F1F5C /* Preview Assets.xcassets */ = {isa = PBXFileReference; lastKnownFileType = folder.assetcatalog; path = "Preview Assets.xcassets"; sourceTree = "<group>"; };
		9275A7312B8F53DD002F1F5C /* Ingredient.swift */ = {isa = PBXFileReference; lastKnownFileType = sourcecode.swift; path = Ingredient.swift; sourceTree = "<group>"; };
		9275A7332B8F543E002F1F5C /* Instruction.swift */ = {isa = PBXFileReference; lastKnownFileType = sourcecode.swift; path = Instruction.swift; sourceTree = "<group>"; };
		9275A7352B8F545A002F1F5C /* Recipe.swift */ = {isa = PBXFileReference; lastKnownFileType = sourcecode.swift; path = Recipe.swift; sourceTree = "<group>"; };
		9275A7372B8F5475002F1F5C /* MealPlan.swift */ = {isa = PBXFileReference; lastKnownFileType = sourcecode.swift; path = MealPlan.swift; sourceTree = "<group>"; };
		9275A73B2B8F6143002F1F5C /* CookEaseTabView.swift */ = {isa = PBXFileReference; lastKnownFileType = sourcecode.swift; path = CookEaseTabView.swift; sourceTree = "<group>"; };
		9275A73D2B8F6189002F1F5C /* HomeView.swift */ = {isa = PBXFileReference; lastKnownFileType = sourcecode.swift; path = HomeView.swift; sourceTree = "<group>"; };
		9275A73F2B8F6195002F1F5C /* CreateRecipeView.swift */ = {isa = PBXFileReference; lastKnownFileType = sourcecode.swift; path = CreateRecipeView.swift; sourceTree = "<group>"; };
		9275A7412B8F61A2002F1F5C /* FavouritesView.swift */ = {isa = PBXFileReference; lastKnownFileType = sourcecode.swift; path = FavouritesView.swift; sourceTree = "<group>"; };
		9275A7432B8F92A3002F1F5C /* User.swift */ = {isa = PBXFileReference; lastKnownFileType = sourcecode.swift; path = User.swift; sourceTree = "<group>"; };
		9275A7472B8FCF9E002F1F5C /* CreateAccountView.swift */ = {isa = PBXFileReference; lastKnownFileType = sourcecode.swift; path = CreateAccountView.swift; sourceTree = "<group>"; };
		9275A7492B8FD87F002F1F5C /* HeaderView.swift */ = {isa = PBXFileReference; lastKnownFileType = sourcecode.swift; path = HeaderView.swift; sourceTree = "<group>"; };
		9275A74B2B8FEC5D002F1F5C /* SignInView.swift */ = {isa = PBXFileReference; lastKnownFileType = sourcecode.swift; path = SignInView.swift; sourceTree = "<group>"; };
		9275A74D2B8FF3B3002F1F5C /* LandingView.swift */ = {isa = PBXFileReference; lastKnownFileType = sourcecode.swift; path = LandingView.swift; sourceTree = "<group>"; };
		92A828672B91213300384711 /* ingredients.json */ = {isa = PBXFileReference; lastKnownFileType = text.json; path = ingredients.json; sourceTree = "<group>"; };
/* End PBXFileReference section */

/* Begin PBXFrameworksBuildPhase section */
		9275A7192B8F5173002F1F5C /* Frameworks */ = {
			isa = PBXFrameworksBuildPhase;
			buildActionMask = 2147483647;
			files = (
			);
			runOnlyForDeploymentPostprocessing = 0;
		};
/* End PBXFrameworksBuildPhase section */

/* Begin PBXGroup section */
		9275A7132B8F5173002F1F5C = {
			isa = PBXGroup;
			children = (
				9275A71E2B8F5174002F1F5C /* CookEase */,
				9275A71D2B8F5174002F1F5C /* Products */,
			);
			sourceTree = "<group>";
		};
		9275A71D2B8F5174002F1F5C /* Products */ = {
			isa = PBXGroup;
			children = (
				9275A71C2B8F5174002F1F5C /* CookEase.app */,
			);
			name = Products;
			sourceTree = "<group>";
		};
		9275A71E2B8F5174002F1F5C /* CookEase */ = {
			isa = PBXGroup;
			children = (
				92A828662B91210700384711 /* SampleData */,
				9275A7302B8F5318002F1F5C /* Views */,
				9275A72F2B8F5311002F1F5C /* Models */,
				9275A71F2B8F5174002F1F5C /* CookEaseApp.swift */,
				9275A7252B8F5176002F1F5C /* Assets.xcassets */,
				9275A7272B8F5176002F1F5C /* Preview Content */,
			);
			path = CookEase;
			sourceTree = "<group>";
		};
		9275A7272B8F5176002F1F5C /* Preview Content */ = {
			isa = PBXGroup;
			children = (
				9275A7282B8F5176002F1F5C /* Preview Assets.xcassets */,
			);
			path = "Preview Content";
			sourceTree = "<group>";
		};
		9275A72F2B8F5311002F1F5C /* Models */ = {
			isa = PBXGroup;
			children = (
				9275A7312B8F53DD002F1F5C /* Ingredient.swift */,
				9275A7332B8F543E002F1F5C /* Instruction.swift */,
				9275A7352B8F545A002F1F5C /* Recipe.swift */,
				9275A7372B8F5475002F1F5C /* MealPlan.swift */,
				9275A7432B8F92A3002F1F5C /* User.swift */,
			);
			path = Models;
			sourceTree = "<group>";
		};
		9275A7302B8F5318002F1F5C /* Views */ = {
			isa = PBXGroup;
			children = (
				9275A73B2B8F6143002F1F5C /* CookEaseTabView.swift */,
				9275A73D2B8F6189002F1F5C /* HomeView.swift */,
				9275A73F2B8F6195002F1F5C /* CreateRecipeView.swift */,
				9275A7412B8F61A2002F1F5C /* FavouritesView.swift */,
				9275A7472B8FCF9E002F1F5C /* CreateAccountView.swift */,
				9275A7492B8FD87F002F1F5C /* HeaderView.swift */,
				9275A74B2B8FEC5D002F1F5C /* SignInView.swift */,
				9275A74D2B8FF3B3002F1F5C /* LandingView.swift */,
			);
			path = Views;
			sourceTree = "<group>";
		};
		92A828662B91210700384711 /* SampleData */ = {
			isa = PBXGroup;
			children = (
				92A828672B91213300384711 /* ingredients.json */,
			);
			path = SampleData;
			sourceTree = "<group>";
		};
/* End PBXGroup section */

/* Begin PBXNativeTarget section */
		9275A71B2B8F5173002F1F5C /* CookEase */ = {
			isa = PBXNativeTarget;
			buildConfigurationList = 9275A72C2B8F5177002F1F5C /* Build configuration list for PBXNativeTarget "CookEase" */;
			buildPhases = (
				9275A7182B8F5173002F1F5C /* Sources */,
				9275A7192B8F5173002F1F5C /* Frameworks */,
				9275A71A2B8F5173002F1F5C /* Resources */,
			);
			buildRules = (
			);
			dependencies = (
			);
			name = CookEase;
			productName = CookEase;
			productReference = 9275A71C2B8F5174002F1F5C /* CookEase.app */;
			productType = "com.apple.product-type.application";
		};
/* End PBXNativeTarget section */

/* Begin PBXProject section */
		9275A7142B8F5173002F1F5C /* Project object */ = {
			isa = PBXProject;
			attributes = {
				BuildIndependentTargetsInParallel = 1;
				LastSwiftUpdateCheck = 1520;
				LastUpgradeCheck = 1520;
				TargetAttributes = {
					9275A71B2B8F5173002F1F5C = {
						CreatedOnToolsVersion = 15.2;
					};
				};
			};
			buildConfigurationList = 9275A7172B8F5173002F1F5C /* Build configuration list for PBXProject "CookEase" */;
			compatibilityVersion = "Xcode 14.0";
			developmentRegion = en;
			hasScannedForEncodings = 0;
			knownRegions = (
				en,
				Base,
			);
			mainGroup = 9275A7132B8F5173002F1F5C;
			productRefGroup = 9275A71D2B8F5174002F1F5C /* Products */;
			projectDirPath = "";
			projectRoot = "";
			targets = (
				9275A71B2B8F5173002F1F5C /* CookEase */,
			);
		};
/* End PBXProject section */

/* Begin PBXResourcesBuildPhase section */
		9275A71A2B8F5173002F1F5C /* Resources */ = {
			isa = PBXResourcesBuildPhase;
			buildActionMask = 2147483647;
			files = (
				9275A7292B8F5176002F1F5C /* Preview Assets.xcassets in Resources */,
				92A828682B91213300384711 /* ingredients.json in Resources */,
				9275A7262B8F5176002F1F5C /* Assets.xcassets in Resources */,
			);
			runOnlyForDeploymentPostprocessing = 0;
		};
/* End PBXResourcesBuildPhase section */

/* Begin PBXSourcesBuildPhase section */
		9275A7182B8F5173002F1F5C /* Sources */ = {
			isa = PBXSourcesBuildPhase;
			buildActionMask = 2147483647;
			files = (
				9275A74C2B8FEC5D002F1F5C /* SignInView.swift in Sources */,
				9275A73E2B8F6189002F1F5C /* HomeView.swift in Sources */,
				9275A7322B8F53DE002F1F5C /* Ingredient.swift in Sources */,
				9275A7382B8F5475002F1F5C /* MealPlan.swift in Sources */,
				9275A7402B8F6195002F1F5C /* CreateRecipeView.swift in Sources */,
				9275A7422B8F61A2002F1F5C /* FavouritesView.swift in Sources */,
				9275A73C2B8F6143002F1F5C /* CookEaseTabView.swift in Sources */,
				9275A74E2B8FF3B3002F1F5C /* LandingView.swift in Sources */,
				9275A7482B8FCF9E002F1F5C /* CreateAccountView.swift in Sources */,
				9275A7442B8F92A3002F1F5C /* User.swift in Sources */,
				9275A7362B8F545A002F1F5C /* Recipe.swift in Sources */,
				9275A7342B8F543E002F1F5C /* Instruction.swift in Sources */,
				9275A7202B8F5174002F1F5C /* CookEaseApp.swift in Sources */,
				9275A74A2B8FD87F002F1F5C /* HeaderView.swift in Sources */,
			);
			runOnlyForDeploymentPostprocessing = 0;
		};
/* End PBXSourcesBuildPhase section */

/* Begin XCBuildConfiguration section */
		9275A72A2B8F5176002F1F5C /* Debug */ = {
			isa = XCBuildConfiguration;
			buildSettings = {
				ALWAYS_SEARCH_USER_PATHS = NO;
				ASSETCATALOG_COMPILER_GENERATE_SWIFT_ASSET_SYMBOL_EXTENSIONS = YES;
				CLANG_ANALYZER_NONNULL = YES;
				CLANG_ANALYZER_NUMBER_OBJECT_CONVERSION = YES_AGGRESSIVE;
				CLANG_CXX_LANGUAGE_STANDARD = "gnu++20";
				CLANG_ENABLE_MODULES = YES;
				CLANG_ENABLE_OBJC_ARC = YES;
				CLANG_ENABLE_OBJC_WEAK = YES;
				CLANG_WARN_BLOCK_CAPTURE_AUTORELEASING = YES;
				CLANG_WARN_BOOL_CONVERSION = YES;
				CLANG_WARN_COMMA = YES;
				CLANG_WARN_CONSTANT_CONVERSION = YES;
				CLANG_WARN_DEPRECATED_OBJC_IMPLEMENTATIONS = YES;
				CLANG_WARN_DIRECT_OBJC_ISA_USAGE = YES_ERROR;
				CLANG_WARN_DOCUMENTATION_COMMENTS = YES;
				CLANG_WARN_EMPTY_BODY = YES;
				CLANG_WARN_ENUM_CONVERSION = YES;
				CLANG_WARN_INFINITE_RECURSION = YES;
				CLANG_WARN_INT_CONVERSION = YES;
				CLANG_WARN_NON_LITERAL_NULL_CONVERSION = YES;
				CLANG_WARN_OBJC_IMPLICIT_RETAIN_SELF = YES;
				CLANG_WARN_OBJC_LITERAL_CONVERSION = YES;
				CLANG_WARN_OBJC_ROOT_CLASS = YES_ERROR;
				CLANG_WARN_QUOTED_INCLUDE_IN_FRAMEWORK_HEADER = YES;
				CLANG_WARN_RANGE_LOOP_ANALYSIS = YES;
				CLANG_WARN_STRICT_PROTOTYPES = YES;
				CLANG_WARN_SUSPICIOUS_MOVE = YES;
				CLANG_WARN_UNGUARDED_AVAILABILITY = YES_AGGRESSIVE;
				CLANG_WARN_UNREACHABLE_CODE = YES;
				CLANG_WARN__DUPLICATE_METHOD_MATCH = YES;
				COPY_PHASE_STRIP = NO;
				DEBUG_INFORMATION_FORMAT = dwarf;
				ENABLE_STRICT_OBJC_MSGSEND = YES;
				ENABLE_TESTABILITY = YES;
				ENABLE_USER_SCRIPT_SANDBOXING = YES;
				GCC_C_LANGUAGE_STANDARD = gnu17;
				GCC_DYNAMIC_NO_PIC = NO;
				GCC_NO_COMMON_BLOCKS = YES;
				GCC_OPTIMIZATION_LEVEL = 0;
				GCC_PREPROCESSOR_DEFINITIONS = (
					"DEBUG=1",
					"$(inherited)",
				);
				GCC_WARN_64_TO_32_BIT_CONVERSION = YES;
				GCC_WARN_ABOUT_RETURN_TYPE = YES_ERROR;
				GCC_WARN_UNDECLARED_SELECTOR = YES;
				GCC_WARN_UNINITIALIZED_AUTOS = YES_AGGRESSIVE;
				GCC_WARN_UNUSED_FUNCTION = YES;
				GCC_WARN_UNUSED_VARIABLE = YES;
				IPHONEOS_DEPLOYMENT_TARGET = 17.2;
				LOCALIZATION_PREFERS_STRING_CATALOGS = YES;
				MTL_ENABLE_DEBUG_INFO = INCLUDE_SOURCE;
				MTL_FAST_MATH = YES;
				ONLY_ACTIVE_ARCH = YES;
				SDKROOT = iphoneos;
				SWIFT_ACTIVE_COMPILATION_CONDITIONS = "DEBUG $(inherited)";
				SWIFT_OPTIMIZATION_LEVEL = "-Onone";
			};
			name = Debug;
		};
		9275A72B2B8F5176002F1F5C /* Release */ = {
			isa = XCBuildConfiguration;
			buildSettings = {
				ALWAYS_SEARCH_USER_PATHS = NO;
				ASSETCATALOG_COMPILER_GENERATE_SWIFT_ASSET_SYMBOL_EXTENSIONS = YES;
				CLANG_ANALYZER_NONNULL = YES;
				CLANG_ANALYZER_NUMBER_OBJECT_CONVERSION = YES_AGGRESSIVE;
				CLANG_CXX_LANGUAGE_STANDARD = "gnu++20";
				CLANG_ENABLE_MODULES = YES;
				CLANG_ENABLE_OBJC_ARC = YES;
				CLANG_ENABLE_OBJC_WEAK = YES;
				CLANG_WARN_BLOCK_CAPTURE_AUTORELEASING = YES;
				CLANG_WARN_BOOL_CONVERSION = YES;
				CLANG_WARN_COMMA = YES;
				CLANG_WARN_CONSTANT_CONVERSION = YES;
				CLANG_WARN_DEPRECATED_OBJC_IMPLEMENTATIONS = YES;
				CLANG_WARN_DIRECT_OBJC_ISA_USAGE = YES_ERROR;
				CLANG_WARN_DOCUMENTATION_COMMENTS = YES;
				CLANG_WARN_EMPTY_BODY = YES;
				CLANG_WARN_ENUM_CONVERSION = YES;
				CLANG_WARN_INFINITE_RECURSION = YES;
				CLANG_WARN_INT_CONVERSION = YES;
				CLANG_WARN_NON_LITERAL_NULL_CONVERSION = YES;
				CLANG_WARN_OBJC_IMPLICIT_RETAIN_SELF = YES;
				CLANG_WARN_OBJC_LITERAL_CONVERSION = YES;
				CLANG_WARN_OBJC_ROOT_CLASS = YES_ERROR;
				CLANG_WARN_QUOTED_INCLUDE_IN_FRAMEWORK_HEADER = YES;
				CLANG_WARN_RANGE_LOOP_ANALYSIS = YES;
				CLANG_WARN_STRICT_PROTOTYPES = YES;
				CLANG_WARN_SUSPICIOUS_MOVE = YES;
				CLANG_WARN_UNGUARDED_AVAILABILITY = YES_AGGRESSIVE;
				CLANG_WARN_UNREACHABLE_CODE = YES;
				CLANG_WARN__DUPLICATE_METHOD_MATCH = YES;
				COPY_PHASE_STRIP = NO;
				DEBUG_INFORMATION_FORMAT = "dwarf-with-dsym";
				ENABLE_NS_ASSERTIONS = NO;
				ENABLE_STRICT_OBJC_MSGSEND = YES;
				ENABLE_USER_SCRIPT_SANDBOXING = YES;
				GCC_C_LANGUAGE_STANDARD = gnu17;
				GCC_NO_COMMON_BLOCKS = YES;
				GCC_WARN_64_TO_32_BIT_CONVERSION = YES;
				GCC_WARN_ABOUT_RETURN_TYPE = YES_ERROR;
				GCC_WARN_UNDECLARED_SELECTOR = YES;
				GCC_WARN_UNINITIALIZED_AUTOS = YES_AGGRESSIVE;
				GCC_WARN_UNUSED_FUNCTION = YES;
				GCC_WARN_UNUSED_VARIABLE = YES;
				IPHONEOS_DEPLOYMENT_TARGET = 17.2;
				LOCALIZATION_PREFERS_STRING_CATALOGS = YES;
				MTL_ENABLE_DEBUG_INFO = NO;
				MTL_FAST_MATH = YES;
				SDKROOT = iphoneos;
				SWIFT_COMPILATION_MODE = wholemodule;
				VALIDATE_PRODUCT = YES;
			};
			name = Release;
		};
		9275A72D2B8F5177002F1F5C /* Debug */ = {
			isa = XCBuildConfiguration;
			buildSettings = {
				ASSETCATALOG_COMPILER_APPICON_NAME = AppIcon;
				ASSETCATALOG_COMPILER_GLOBAL_ACCENT_COLOR_NAME = AccentColor;
				CODE_SIGN_STYLE = Automatic;
				CURRENT_PROJECT_VERSION = 1;
				DEVELOPMENT_ASSET_PATHS = "\"CookEase/Preview Content\"";
				DEVELOPMENT_TEAM = Q394XT9AF8;
				ENABLE_PREVIEWS = YES;
				GENERATE_INFOPLIST_FILE = YES;
				INFOPLIST_KEY_UIApplicationSceneManifest_Generation = YES;
				INFOPLIST_KEY_UIApplicationSupportsIndirectInputEvents = YES;
				INFOPLIST_KEY_UILaunchScreen_Generation = YES;
				INFOPLIST_KEY_UISupportedInterfaceOrientations_iPad = "UIInterfaceOrientationPortrait UIInterfaceOrientationPortraitUpsideDown UIInterfaceOrientationLandscapeLeft UIInterfaceOrientationLandscapeRight";
				INFOPLIST_KEY_UISupportedInterfaceOrientations_iPhone = "UIInterfaceOrientationPortrait UIInterfaceOrientationLandscapeLeft UIInterfaceOrientationLandscapeRight";
				LD_RUNPATH_SEARCH_PATHS = (
					"$(inherited)",
					"@executable_path/Frameworks",
				);
				MARKETING_VERSION = 1.0;
				PRODUCT_BUNDLE_IDENTIFIER = com.luanakimley.CookEase;
				PRODUCT_NAME = "$(TARGET_NAME)";
				SWIFT_EMIT_LOC_STRINGS = YES;
				SWIFT_VERSION = 5.0;
				TARGETED_DEVICE_FAMILY = "1,2";
			};
			name = Debug;
		};
		9275A72E2B8F5177002F1F5C /* Release */ = {
			isa = XCBuildConfiguration;
			buildSettings = {
				ASSETCATALOG_COMPILER_APPICON_NAME = AppIcon;
				ASSETCATALOG_COMPILER_GLOBAL_ACCENT_COLOR_NAME = AccentColor;
				CODE_SIGN_STYLE = Automatic;
				CURRENT_PROJECT_VERSION = 1;
				DEVELOPMENT_ASSET_PATHS = "\"CookEase/Preview Content\"";
				DEVELOPMENT_TEAM = Q394XT9AF8;
				ENABLE_PREVIEWS = YES;
				GENERATE_INFOPLIST_FILE = YES;
				INFOPLIST_KEY_UIApplicationSceneManifest_Generation = YES;
				INFOPLIST_KEY_UIApplicationSupportsIndirectInputEvents = YES;
				INFOPLIST_KEY_UILaunchScreen_Generation = YES;
				INFOPLIST_KEY_UISupportedInterfaceOrientations_iPad = "UIInterfaceOrientationPortrait UIInterfaceOrientationPortraitUpsideDown UIInterfaceOrientationLandscapeLeft UIInterfaceOrientationLandscapeRight";
				INFOPLIST_KEY_UISupportedInterfaceOrientations_iPhone = "UIInterfaceOrientationPortrait UIInterfaceOrientationLandscapeLeft UIInterfaceOrientationLandscapeRight";
				LD_RUNPATH_SEARCH_PATHS = (
					"$(inherited)",
					"@executable_path/Frameworks",
				);
				MARKETING_VERSION = 1.0;
				PRODUCT_BUNDLE_IDENTIFIER = com.luanakimley.CookEase;
				PRODUCT_NAME = "$(TARGET_NAME)";
				SWIFT_EMIT_LOC_STRINGS = YES;
				SWIFT_VERSION = 5.0;
				TARGETED_DEVICE_FAMILY = "1,2";
			};
			name = Release;
		};
/* End XCBuildConfiguration section */

/* Begin XCConfigurationList section */
		9275A7172B8F5173002F1F5C /* Build configuration list for PBXProject "CookEase" */ = {
			isa = XCConfigurationList;
			buildConfigurations = (
				9275A72A2B8F5176002F1F5C /* Debug */,
				9275A72B2B8F5176002F1F5C /* Release */,
			);
			defaultConfigurationIsVisible = 0;
			defaultConfigurationName = Release;
		};
		9275A72C2B8F5177002F1F5C /* Build configuration list for PBXNativeTarget "CookEase" */ = {
			isa = XCConfigurationList;
			buildConfigurations = (
				9275A72D2B8F5177002F1F5C /* Debug */,
				9275A72E2B8F5177002F1F5C /* Release */,
			);
			defaultConfigurationIsVisible = 0;
			defaultConfigurationName = Release;
		};
/* End XCConfigurationList section */
	};
	rootObject = 9275A7142B8F5173002F1F5C /* Project object */;
}
